
Microsoft Visual Studio Solution File, Format Version 12.00
# Visual Studio Version 17
VisualStudioVersion = 17.11.35327.3
MinimumVisualStudioVersion = 10.0.40219.1
Project("{FAE04EC0-301F-11D3-BF4B-00C04F79EFBC}") = "ServerStuff", "ServerStuff\ServerStuff.csproj", "{AFFFFBA9-4CD5-4123-AFF0-CE7953B3FC72}"
EndProject
Global
	GlobalSection(SolutionConfigurationPlatforms) = preSolution
		Debug|Any CPU = Debug|Any CPU
		Release|Any CPU = Release|Any CPU
	EndGlobalSection
	GlobalSection(ProjectConfigurationPlatforms) = postSolution
		{AFFFFBA9-4CD5-4123-AFF0-CE7953B3FC72}.Debug|Any CPU.ActiveCfg = Debug|Any CPU
		{AFFFFBA9-4CD5-4123-AFF0-CE7953B3FC72}.Debug|Any CPU.Build.0 = Debug|Any CPU
		{AFFFFBA9-4CD5-4123-AFF0-CE7953B3FC72}.Release|Any CPU.ActiveCfg = Release|Any CPU
		{AFFFFBA9-4CD5-4123-AFF0-CE7953B3FC72}.Release|Any CPU.Build.0 = Release|Any CPU
	EndGlobalSection
	GlobalSection(SolutionProperties) = preSolution
		HideSolutionNode = FALSE
	EndGlobalSection
	GlobalSection(ExtensibilityGlobals) = postSolution
		SolutionGuid = {B8F69F1E-9A8B-4B60-8414-57A20E97D553}
	EndGlobalSection
EndGlobal
